// !$*UTF8*$!
{
	archiveVersion = 1;
	classes = {
	};
	objectVersion = 50;
	objects = {

/* Begin PBXBuildFile section */
		2C46BA98223B14A10020F706 /* AppDelegate.swift in Sources */ = {isa = PBXBuildFile; fileRef = 2C46BA97223B14A10020F706 /* AppDelegate.swift */; };
		2C46BA9D223B14A10020F706 /* Main.storyboard in Resources */ = {isa = PBXBuildFile; fileRef = 2C46BA9B223B14A10020F706 /* Main.storyboard */; };
		2C46BA9F223B14A80020F706 /* Assets.xcassets in Resources */ = {isa = PBXBuildFile; fileRef = 2C46BA9E223B14A80020F706 /* Assets.xcassets */; };
		2C46BAA2223B14A80020F706 /* LaunchScreen.storyboard in Resources */ = {isa = PBXBuildFile; fileRef = 2C46BAA0223B14A80020F706 /* LaunchScreen.storyboard */; };
		2C46BAAD223B14A80020F706 /* PhotoramaTests.swift in Sources */ = {isa = PBXBuildFile; fileRef = 2C46BAAC223B14A80020F706 /* PhotoramaTests.swift */; };
		2C46BAB8223B14A80020F706 /* PhotoramaUITests.swift in Sources */ = {isa = PBXBuildFile; fileRef = 2C46BAB7223B14A80020F706 /* PhotoramaUITests.swift */; };
		2C46BAC6223B14DF0020F706 /* PhotosViewController.swift in Sources */ = {isa = PBXBuildFile; fileRef = 2C46BAC5223B14DF0020F706 /* PhotosViewController.swift */; };
		2C46BAC8223B173D0020F706 /* FlickrApi.swift in Sources */ = {isa = PBXBuildFile; fileRef = 2C46BAC7223B173D0020F706 /* FlickrApi.swift */; };
		2C46BACA223B1B6B0020F706 /* PhotoStore.swift in Sources */ = {isa = PBXBuildFile; fileRef = 2C46BAC9223B1B6B0020F706 /* PhotoStore.swift */; };
		2C46BACC223B1E270020F706 /* Photo.swift in Sources */ = {isa = PBXBuildFile; fileRef = 2C46BACB223B1E270020F706 /* Photo.swift */; };
/* End PBXBuildFile section */

/* Begin PBXContainerItemProxy section */
		2C46BAA9223B14A80020F706 /* PBXContainerItemProxy */ = {
			isa = PBXContainerItemProxy;
			containerPortal = 2C46BA8C223B14A10020F706 /* Project object */;
			proxyType = 1;
			remoteGlobalIDString = 2C46BA93223B14A10020F706;
			remoteInfo = Photorama;
		};
		2C46BAB4223B14A80020F706 /* PBXContainerItemProxy */ = {
			isa = PBXContainerItemProxy;
			containerPortal = 2C46BA8C223B14A10020F706 /* Project object */;
			proxyType = 1;
			remoteGlobalIDString = 2C46BA93223B14A10020F706;
			remoteInfo = Photorama;
		};
/* End PBXContainerItemProxy section */

/* Begin PBXFileReference section */
		2C46BA94223B14A10020F706 /* Photorama.app */ = {isa = PBXFileReference; explicitFileType = wrapper.application; includeInIndex = 0; path = Photorama.app; sourceTree = BUILT_PRODUCTS_DIR; };
		2C46BA97223B14A10020F706 /* AppDelegate.swift */ = {isa = PBXFileReference; lastKnownFileType = sourcecode.swift; path = AppDelegate.swift; sourceTree = "<group>"; };
		2C46BA9C223B14A10020F706 /* Base */ = {isa = PBXFileReference; lastKnownFileType = file.storyboard; name = Base; path = Base.lproj/Main.storyboard; sourceTree = "<group>"; };
		2C46BA9E223B14A80020F706 /* Assets.xcassets */ = {isa = PBXFileReference; lastKnownFileType = folder.assetcatalog; path = Assets.xcassets; sourceTree = "<group>"; };
		2C46BAA1223B14A80020F706 /* Base */ = {isa = PBXFileReference; lastKnownFileType = file.storyboard; name = Base; path = Base.lproj/LaunchScreen.storyboard; sourceTree = "<group>"; };
		2C46BAA3223B14A80020F706 /* Info.plist */ = {isa = PBXFileReference; lastKnownFileType = text.plist.xml; path = Info.plist; sourceTree = "<group>"; };
		2C46BAA8223B14A80020F706 /* PhotoramaTests.xctest */ = {isa = PBXFileReference; explicitFileType = wrapper.cfbundle; includeInIndex = 0; path = PhotoramaTests.xctest; sourceTree = BUILT_PRODUCTS_DIR; };
		2C46BAAC223B14A80020F706 /* PhotoramaTests.swift */ = {isa = PBXFileReference; lastKnownFileType = sourcecode.swift; path = PhotoramaTests.swift; sourceTree = "<group>"; };
		2C46BAAE223B14A80020F706 /* Info.plist */ = {isa = PBXFileReference; lastKnownFileType = text.plist.xml; path = Info.plist; sourceTree = "<group>"; };
		2C46BAB3223B14A80020F706 /* PhotoramaUITests.xctest */ = {isa = PBXFileReference; explicitFileType = wrapper.cfbundle; includeInIndex = 0; path = PhotoramaUITests.xctest; sourceTree = BUILT_PRODUCTS_DIR; };
		2C46BAB7223B14A80020F706 /* PhotoramaUITests.swift */ = {isa = PBXFileReference; lastKnownFileType = sourcecode.swift; path = PhotoramaUITests.swift; sourceTree = "<group>"; };
		2C46BAB9223B14A80020F706 /* Info.plist */ = {isa = PBXFileReference; lastKnownFileType = text.plist.xml; path = Info.plist; sourceTree = "<group>"; };
		2C46BAC5223B14DF0020F706 /* PhotosViewController.swift */ = {isa = PBXFileReference; lastKnownFileType = sourcecode.swift; path = PhotosViewController.swift; sourceTree = "<group>"; };
		2C46BAC7223B173D0020F706 /* FlickrApi.swift */ = {isa = PBXFileReference; lastKnownFileType = sourcecode.swift; path = FlickrApi.swift; sourceTree = "<group>"; };
		2C46BAC9223B1B6B0020F706 /* PhotoStore.swift */ = {isa = PBXFileReference; lastKnownFileType = sourcecode.swift; path = PhotoStore.swift; sourceTree = "<group>"; };
		2C46BACB223B1E270020F706 /* Photo.swift */ = {isa = PBXFileReference; lastKnownFileType = sourcecode.swift; path = Photo.swift; sourceTree = "<group>"; };
/* End PBXFileReference section */

/* Begin PBXFrameworksBuildPhase section */
		2C46BA91223B14A10020F706 /* Frameworks */ = {
			isa = PBXFrameworksBuildPhase;
			buildActionMask = 2147483647;
			files = (
			);
			runOnlyForDeploymentPostprocessing = 0;
		};
		2C46BAA5223B14A80020F706 /* Frameworks */ = {
			isa = PBXFrameworksBuildPhase;
			buildActionMask = 2147483647;
			files = (
			);
			runOnlyForDeploymentPostprocessing = 0;
		};
		2C46BAB0223B14A80020F706 /* Frameworks */ = {
			isa = PBXFrameworksBuildPhase;
			buildActionMask = 2147483647;
			files = (
			);
			runOnlyForDeploymentPostprocessing = 0;
		};
/* End PBXFrameworksBuildPhase section */

/* Begin PBXGroup section */
		2C46BA8B223B14A10020F706 = {
			isa = PBXGroup;
			children = (
				2C46BA96223B14A10020F706 /* Photorama */,
				2C46BAAB223B14A80020F706 /* PhotoramaTests */,
				2C46BAB6223B14A80020F706 /* PhotoramaUITests */,
				2C46BA95223B14A10020F706 /* Products */,
			);
			sourceTree = "<group>";
		};
		2C46BA95223B14A10020F706 /* Products */ = {
			isa = PBXGroup;
			children = (
				2C46BA94223B14A10020F706 /* Photorama.app */,
				2C46BAA8223B14A80020F706 /* PhotoramaTests.xctest */,
				2C46BAB3223B14A80020F706 /* PhotoramaUITests.xctest */,
			);
			name = Products;
			sourceTree = "<group>";
		};
		2C46BA96223B14A10020F706 /* Photorama */ = {
			isa = PBXGroup;
			children = (
				2C46BAC5223B14DF0020F706 /* PhotosViewController.swift */,
				2C46BAC7223B173D0020F706 /* FlickrApi.swift */,
				2C46BAC9223B1B6B0020F706 /* PhotoStore.swift */,
				2C46BACB223B1E270020F706 /* Photo.swift */,
				2C46BA97223B14A10020F706 /* AppDelegate.swift */,
				2C46BA9B223B14A10020F706 /* Main.storyboard */,
				2C46BA9E223B14A80020F706 /* Assets.xcassets */,
				2C46BAA0223B14A80020F706 /* LaunchScreen.storyboard */,
				2C46BAA3223B14A80020F706 /* Info.plist */,
			);
			path = Photorama;
			sourceTree = "<group>";
		};
		2C46BAAB223B14A80020F706 /* PhotoramaTests */ = {
			isa = PBXGroup;
			children = (
				2C46BAAC223B14A80020F706 /* PhotoramaTests.swift */,
				2C46BAAE223B14A80020F706 /* Info.plist */,
			);
			path = PhotoramaTests;
			sourceTree = "<group>";
		};
		2C46BAB6223B14A80020F706 /* PhotoramaUITests */ = {
			isa = PBXGroup;
			children = (
				2C46BAB7223B14A80020F706 /* PhotoramaUITests.swift */,
				2C46BAB9223B14A80020F706 /* Info.plist */,
			);
			path = PhotoramaUITests;
			sourceTree = "<group>";
		};
/* End PBXGroup section */

/* Begin PBXNativeTarget section */
		2C46BA93223B14A10020F706 /* Photorama */ = {
			isa = PBXNativeTarget;
			buildConfigurationList = 2C46BABC223B14A80020F706 /* Build configuration list for PBXNativeTarget "Photorama" */;
			buildPhases = (
				2C46BA90223B14A10020F706 /* Sources */,
				2C46BA91223B14A10020F706 /* Frameworks */,
				2C46BA92223B14A10020F706 /* Resources */,
			);
			buildRules = (
			);
			dependencies = (
			);
			name = Photorama;
			productName = Photorama;
			productReference = 2C46BA94223B14A10020F706 /* Photorama.app */;
			productType = "com.apple.product-type.application";
		};
		2C46BAA7223B14A80020F706 /* PhotoramaTests */ = {
			isa = PBXNativeTarget;
			buildConfigurationList = 2C46BABF223B14A80020F706 /* Build configuration list for PBXNativeTarget "PhotoramaTests" */;
			buildPhases = (
				2C46BAA4223B14A80020F706 /* Sources */,
				2C46BAA5223B14A80020F706 /* Frameworks */,
				2C46BAA6223B14A80020F706 /* Resources */,
			);
			buildRules = (
			);
			dependencies = (
				2C46BAAA223B14A80020F706 /* PBXTargetDependency */,
			);
			name = PhotoramaTests;
			productName = PhotoramaTests;
			productReference = 2C46BAA8223B14A80020F706 /* PhotoramaTests.xctest */;
			productType = "com.apple.product-type.bundle.unit-test";
		};
		2C46BAB2223B14A80020F706 /* PhotoramaUITests */ = {
			isa = PBXNativeTarget;
			buildConfigurationList = 2C46BAC2223B14A80020F706 /* Build configuration list for PBXNativeTarget "PhotoramaUITests" */;
			buildPhases = (
				2C46BAAF223B14A80020F706 /* Sources */,
				2C46BAB0223B14A80020F706 /* Frameworks */,
				2C46BAB1223B14A80020F706 /* Resources */,
			);
			buildRules = (
			);
			dependencies = (
				2C46BAB5223B14A80020F706 /* PBXTargetDependency */,
			);
			name = PhotoramaUITests;
			productName = PhotoramaUITests;
			productReference = 2C46BAB3223B14A80020F706 /* PhotoramaUITests.xctest */;
			productType = "com.apple.product-type.bundle.ui-testing";
		};
/* End PBXNativeTarget section */

/* Begin PBXProject section */
		2C46BA8C223B14A10020F706 /* Project object */ = {
			isa = PBXProject;
			attributes = {
				LastSwiftUpdateCheck = 1010;
				LastUpgradeCheck = 1010;
				ORGANIZATIONNAME = CentennialCollege;
				TargetAttributes = {
					2C46BA93223B14A10020F706 = {
						CreatedOnToolsVersion = 10.1;
					};
					2C46BAA7223B14A80020F706 = {
						CreatedOnToolsVersion = 10.1;
						TestTargetID = 2C46BA93223B14A10020F706;
					};
					2C46BAB2223B14A80020F706 = {
						CreatedOnToolsVersion = 10.1;
						TestTargetID = 2C46BA93223B14A10020F706;
					};
				};
			};
			buildConfigurationList = 2C46BA8F223B14A10020F706 /* Build configuration list for PBXProject "Photorama" */;
			compatibilityVersion = "Xcode 9.3";
			developmentRegion = en;
			hasScannedForEncodings = 0;
			knownRegions = (
				en,
				Base,
			);
			mainGroup = 2C46BA8B223B14A10020F706;
			productRefGroup = 2C46BA95223B14A10020F706 /* Products */;
			projectDirPath = "";
			projectRoot = "";
			targets = (
				2C46BA93223B14A10020F706 /* Photorama */,
				2C46BAA7223B14A80020F706 /* PhotoramaTests */,
				2C46BAB2223B14A80020F706 /* PhotoramaUITests */,
			);
		};
/* End PBXProject section */

/* Begin PBXResourcesBuildPhase section */
		2C46BA92223B14A10020F706 /* Resources */ = {
			isa = PBXResourcesBuildPhase;
			buildActionMask = 2147483647;
			files = (
				2C46BAA2223B14A80020F706 /* LaunchScreen.storyboard in Resources */,
				2C46BA9F223B14A80020F706 /* Assets.xcassets in Resources */,
				2C46BA9D223B14A10020F706 /* Main.storyboard in Resources */,
			);
			runOnlyForDeploymentPostprocessing = 0;
		};
		2C46BAA6223B14A80020F706 /* Resources */ = {
			isa = PBXResourcesBuildPhase;
			buildActionMask = 2147483647;
			files = (
			);
			runOnlyForDeploymentPostprocessing = 0;
		};
		2C46BAB1223B14A80020F706 /* Resources */ = {
			isa = PBXResourcesBuildPhase;
			buildActionMask = 2147483647;
			files = (
			);
			runOnlyForDeploymentPostprocessing = 0;
		};
/* End PBXResourcesBuildPhase section */

/* Begin PBXSourcesBuildPhase section */
		2C46BA90223B14A10020F706 /* Sources */ = {
			isa = PBXSourcesBuildPhase;
			buildActionMask = 2147483647;
			files = (
				2C46BAC6223B14DF0020F706 /* PhotosViewController.swift in Sources */,
				2C46BA98223B14A10020F706 /* AppDelegate.swift in Sources */,
				2C46BACA223B1B6B0020F706 /* PhotoStore.swift in Sources */,
				2C46BAC8223B173D0020F706 /* FlickrApi.swift in Sources */,
				2C46BACC223B1E270020F706 /* Photo.swift in Sources */,
			);
			runOnlyForDeploymentPostprocessing = 0;
		};
		2C46BAA4223B14A80020F706 /* Sources */ = {
			isa = PBXSourcesBuildPhase;
			buildActionMask = 2147483647;
			files = (
				2C46BAAD223B14A80020F706 /* PhotoramaTests.swift in Sources */,
			);
			runOnlyForDeploymentPostprocessing = 0;
		};
		2C46BAAF223B14A80020F706 /* Sources */ = {
			isa = PBXSourcesBuildPhase;
			buildActionMask = 2147483647;
			files = (
				2C46BAB8223B14A80020F706 /* PhotoramaUITests.swift in Sources */,
			);
			runOnlyForDeploymentPostprocessing = 0;
		};
/* End PBXSourcesBuildPhase section */

/* Begin PBXTargetDependency section */
		2C46BAAA223B14A80020F706 /* PBXTargetDependency */ = {
			isa = PBXTargetDependency;
			target = 2C46BA93223B14A10020F706 /* Photorama */;
			targetProxy = 2C46BAA9223B14A80020F706 /* PBXContainerItemProxy */;
		};
		2C46BAB5223B14A80020F706 /* PBXTargetDependency */ = {
			isa = PBXTargetDependency;
			target = 2C46BA93223B14A10020F706 /* Photorama */;
			targetProxy = 2C46BAB4223B14A80020F706 /* PBXContainerItemProxy */;
		};
/* End PBXTargetDependency section */

/* Begin PBXVariantGroup section */
		2C46BA9B223B14A10020F706 /* Main.storyboard */ = {
			isa = PBXVariantGroup;
			children = (
				2C46BA9C223B14A10020F706 /* Base */,
			);
			name = Main.storyboard;
			sourceTree = "<group>";
		};
		2C46BAA0223B14A80020F706 /* LaunchScreen.storyboard */ = {
			isa = PBXVariantGroup;
			children = (
				2C46BAA1223B14A80020F706 /* Base */,
			);
			name = LaunchScreen.storyboard;
			sourceTree = "<group>";
		};
/* End PBXVariantGroup section */

/* Begin XCBuildConfiguration section */
		2C46BABA223B14A80020F706 /* Debug */ = {
			isa = XCBuildConfiguration;
			buildSettings = {
				ALWAYS_SEARCH_USER_PATHS = NO;
				CLANG_ANALYZER_NONNULL = YES;
				CLANG_ANALYZER_NUMBER_OBJECT_CONVERSION = YES_AGGRESSIVE;
				CLANG_CXX_LANGUAGE_STANDARD = "gnu++14";
				CLANG_CXX_LIBRARY = "libc++";
				CLANG_ENABLE_MODULES = YES;
				CLANG_ENABLE_OBJC_ARC = YES;
				CLANG_ENABLE_OBJC_WEAK = YES;
				CLANG_WARN_BLOCK_CAPTURE_AUTORELEASING = YES;
				CLANG_WARN_BOOL_CONVERSION = YES;
				CLANG_WARN_COMMA = YES;
				CLANG_WARN_CONSTANT_CONVERSION = YES;
				CLANG_WARN_DEPRECATED_OBJC_IMPLEMENTATIONS = YES;
				CLANG_WARN_DIRECT_OBJC_ISA_USAGE = YES_ERROR;
				CLANG_WARN_DOCUMENTATION_COMMENTS = YES;
				CLANG_WARN_EMPTY_BODY = YES;
				CLANG_WARN_ENUM_CONVERSION = YES;
				CLANG_WARN_INFINITE_RECURSION = YES;
				CLANG_WARN_INT_CONVERSION = YES;
				CLANG_WARN_NON_LITERAL_NULL_CONVERSION = YES;
				CLANG_WARN_OBJC_IMPLICIT_RETAIN_SELF = YES;
				CLANG_WARN_OBJC_LITERAL_CONVERSION = YES;
				CLANG_WARN_OBJC_ROOT_CLASS = YES_ERROR;
				CLANG_WARN_RANGE_LOOP_ANALYSIS = YES;
				CLANG_WARN_STRICT_PROTOTYPES = YES;
				CLANG_WARN_SUSPICIOUS_MOVE = YES;
				CLANG_WARN_UNGUARDED_AVAILABILITY = YES_AGGRESSIVE;
				CLANG_WARN_UNREACHABLE_CODE = YES;
				CLANG_WARN__DUPLICATE_METHOD_MATCH = YES;
				CODE_SIGN_IDENTITY = "iPhone Developer";
				COPY_PHASE_STRIP = NO;
				DEBUG_INFORMATION_FORMAT = dwarf;
				ENABLE_STRICT_OBJC_MSGSEND = YES;
				ENABLE_TESTABILITY = YES;
				GCC_C_LANGUAGE_STANDARD = gnu11;
				GCC_DYNAMIC_NO_PIC = NO;
				GCC_NO_COMMON_BLOCKS = YES;
				GCC_OPTIMIZATION_LEVEL = 0;
				GCC_PREPROCESSOR_DEFINITIONS = (
					"DEBUG=1",
					"$(inherited)",
				);
				GCC_WARN_64_TO_32_BIT_CONVERSION = YES;
				GCC_WARN_ABOUT_RETURN_TYPE = YES_ERROR;
				GCC_WARN_UNDECLARED_SELECTOR = YES;
				GCC_WARN_UNINITIALIZED_AUTOS = YES_AGGRESSIVE;
				GCC_WARN_UNUSED_FUNCTION = YES;
				GCC_WARN_UNUSED_VARIABLE = YES;
				IPHONEOS_DEPLOYMENT_TARGET = 12.1;
				MTL_ENABLE_DEBUG_INFO = INCLUDE_SOURCE;
				MTL_FAST_MATH = YES;
				ONLY_ACTIVE_ARCH = YES;
				SDKROOT = iphoneos;
				SWIFT_ACTIVE_COMPILATION_CONDITIONS = DEBUG;
				SWIFT_OPTIMIZATION_LEVEL = "-Onone";
			};
			name = Debug;
		};
		2C46BABB223B14A80020F706 /* Release */ = {
			isa = XCBuildConfiguration;
			buildSettings = {
				ALWAYS_SEARCH_USER_PATHS = NO;
				CLANG_ANALYZER_NONNULL = YES;
				CLANG_ANALYZER_NUMBER_OBJECT_CONVERSION = YES_AGGRESSIVE;
				CLANG_CXX_LANGUAGE_STANDARD = "gnu++14";
				CLANG_CXX_LIBRARY = "libc++";
				CLANG_ENABLE_MODULES = YES;
				CLANG_ENABLE_OBJC_ARC = YES;
				CLANG_ENABLE_OBJC_WEAK = YES;
				CLANG_WARN_BLOCK_CAPTURE_AUTORELEASING = YES;
				CLANG_WARN_BOOL_CONVERSION = YES;
				CLANG_WARN_COMMA = YES;
				CLANG_WARN_CONSTANT_CONVERSION = YES;
				CLANG_WARN_DEPRECATED_OBJC_IMPLEMENTATIONS = YES;
				CLANG_WARN_DIRECT_OBJC_ISA_USAGE = YES_ERROR;
				CLANG_WARN_DOCUMENTATION_COMMENTS = YES;
				CLANG_WARN_EMPTY_BODY = YES;
				CLANG_WARN_ENUM_CONVERSION = YES;
				CLANG_WARN_INFINITE_RECURSION = YES;
				CLANG_WARN_INT_CONVERSION = YES;
				CLANG_WARN_NON_LITERAL_NULL_CONVERSION = YES;
				CLANG_WARN_OBJC_IMPLICIT_RETAIN_SELF = YES;
				CLANG_WARN_OBJC_LITERAL_CONVERSION = YES;
				CLANG_WARN_OBJC_ROOT_CLASS = YES_ERROR;
				CLANG_WARN_RANGE_LOOP_ANALYSIS = YES;
				CLANG_WARN_STRICT_PROTOTYPES = YES;
				CLANG_WARN_SUSPICIOUS_MOVE = YES;
				CLANG_WARN_UNGUARDED_AVAILABILITY = YES_AGGRESSIVE;
				CLANG_WARN_UNREACHABLE_CODE = YES;
				CLANG_WARN__DUPLICATE_METHOD_MATCH = YES;
				CODE_SIGN_IDENTITY = "iPhone Developer";
				COPY_PHASE_STRIP = NO;
				DEBUG_INFORMATION_FORMAT = "dwarf-with-dsym";
				ENABLE_NS_ASSERTIONS = NO;
				ENABLE_STRICT_OBJC_MSGSEND = YES;
				GCC_C_LANGUAGE_STANDARD = gnu11;
				GCC_NO_COMMON_BLOCKS = YES;
				GCC_WARN_64_TO_32_BIT_CONVERSION = YES;
				GCC_WARN_ABOUT_RETURN_TYPE = YES_ERROR;
				GCC_WARN_UNDECLARED_SELECTOR = YES;
				GCC_WARN_UNINITIALIZED_AUTOS = YES_AGGRESSIVE;
				GCC_WARN_UNUSED_FUNCTION = YES;
				GCC_WARN_UNUSED_VARIABLE = YES;
				IPHONEOS_DEPLOYMENT_TARGET = 12.1;
				MTL_ENABLE_DEBUG_INFO = NO;
				MTL_FAST_MATH = YES;
				SDKROOT = iphoneos;
				SWIFT_COMPILATION_MODE = wholemodule;
				SWIFT_OPTIMIZATION_LEVEL = "-O";
				VALIDATE_PRODUCT = YES;
			};
			name = Release;
		};
		2C46BABD223B14A80020F706 /* Debug */ = {
			isa = XCBuildConfiguration;
			buildSettings = {
				ASSETCATALOG_COMPILER_APPICON_NAME = AppIcon;
				CODE_SIGN_STYLE = Automatic;
				DEVELOPMENT_TEAM = 2BULHRS882;
				INFOPLIST_FILE = Photorama/Info.plist;
				LD_RUNPATH_SEARCH_PATHS = (
					"$(inherited)",
					"@executable_path/Frameworks",
				);
				PRODUCT_BUNDLE_IDENTIFIER = ca.centennialcollege.Photorama;
				PRODUCT_NAME = "$(TARGET_NAME)";
				SWIFT_VERSION = 4.2;
				TARGETED_DEVICE_FAMILY = "1,2";
			};
			name = Debug;
		};
		2C46BABE223B14A80020F706 /* Release */ = {
			isa = XCBuildConfiguration;
			buildSettings = {
				ASSETCATALOG_COMPILER_APPICON_NAME = AppIcon;
				CODE_SIGN_STYLE = Automatic;
				DEVELOPMENT_TEAM = 2BULHRS882;
				INFOPLIST_FILE = Photorama/Info.plist;
				LD_RUNPATH_SEARCH_PATHS = (
					"$(inherited)",
					"@executable_path/Frameworks",
				);
				PRODUCT_BUNDLE_IDENTIFIER = ca.centennialcollege.Photorama;
				PRODUCT_NAME = "$(TARGET_NAME)";
				SWIFT_VERSION = 4.2;
				TARGETED_DEVICE_FAMILY = "1,2";
			};
			name = Release;
		};
		2C46BAC0223B14A80020F706 /* Debug */ = {
			isa = XCBuildConfiguration;
			buildSettings = {
				ALWAYS_EMBED_SWIFT_STANDARD_LIBRARIES = YES;
				BUNDLE_LOADER = "$(TEST_HOST)";
				CODE_SIGN_STYLE = Automatic;
				DEVELOPMENT_TEAM = 2BULHRS882;
				INFOPLIST_FILE = PhotoramaTests/Info.plist;
				LD_RUNPATH_SEARCH_PATHS = (
					"$(inherited)",
					"@executable_path/Frameworks",
					"@loader_path/Frameworks",
				);
				PRODUCT_BUNDLE_IDENTIFIER = ca.centennialcollege.PhotoramaTests;
				PRODUCT_NAME = "$(TARGET_NAME)";
				SWIFT_VERSION = 4.2;
				TARGETED_DEVICE_FAMILY = "1,2";
				TEST_HOST = "$(BUILT_PRODUCTS_DIR)/Photorama.app/Photorama";
			};
			name = Debug;
		};
		2C46BAC1223B14A80020F706 /* Release */ = {
			isa = XCBuildConfiguration;
			buildSettings = {
				ALWAYS_EMBED_SWIFT_STANDARD_LIBRARIES = YES;
				BUNDLE_LOADER = "$(TEST_HOST)";
				CODE_SIGN_STYLE = Automatic;
				DEVELOPMENT_TEAM = 2BULHRS882;
				INFOPLIST_FILE = PhotoramaTests/Info.plist;
				LD_RUNPATH_SEARCH_PATHS = (
					"$(inherited)",
					"@executable_path/Frameworks",
					"@loader_path/Frameworks",
				);
				PRODUCT_BUNDLE_IDENTIFIER = ca.centennialcollege.PhotoramaTests;
				PRODUCT_NAME = "$(TARGET_NAME)";
				SWIFT_VERSION = 4.2;
				TARGETED_DEVICE_FAMILY = "1,2";
				TEST_HOST = "$(BUILT_PRODUCTS_DIR)/Photorama.app/Photorama";
			};
			name = Release;
		};
		2C46BAC3223B14A80020F706 /* Debug */ = {
			isa = XCBuildConfiguration;
			buildSettings = {
				ALWAYS_EMBED_SWIFT_STANDARD_LIBRARIES = YES;
				CODE_SIGN_STYLE = Automatic;
				DEVELOPMENT_TEAM = 2BULHRS882;
				INFOPLIST_FILE = PhotoramaUITests/Info.plist;
				LD_RUNPATH_SEARCH_PATHS = (
					"$(inherited)",
					"@executable_path/Frameworks",
					"@loader_path/Frameworks",
				);
				PRODUCT_BUNDLE_IDENTIFIER = ca.centennialcollege.PhotoramaUITests;
				PRODUCT_NAME = "$(TARGET_NAME)";
				SWIFT_VERSION = 4.2;
				TARGETED_DEVICE_FAMILY = "1,2";
				TEST_TARGET_NAME = Photorama;
			};
			name = Debug;
		};
		2C46BAC4223B14A80020F706 /* Release */ = {
			isa = XCBuildConfiguration;
			buildSettings = {
				ALWAYS_EMBED_SWIFT_STANDARD_LIBRARIES = YES;
				CODE_SIGN_STYLE = Automatic;
				DEVELOPMENT_TEAM = 2BULHRS882;
				INFOPLIST_FILE = PhotoramaUITests/Info.plist;
				LD_RUNPATH_SEARCH_PATHS = (
					"$(inherited)",
					"@executable_path/Frameworks",
					"@loader_path/Frameworks",
				);
				PRODUCT_BUNDLE_IDENTIFIER = ca.centennialcollege.PhotoramaUITests;
				PRODUCT_NAME = "$(TARGET_NAME)";
				SWIFT_VERSION = 4.2;
				TARGETED_DEVICE_FAMILY = "1,2";
				TEST_TARGET_NAME = Photorama;
			};
			name = Release;
		};
/* End XCBuildConfiguration section */

/* Begin XCConfigurationList section */
		2C46BA8F223B14A10020F706 /* Build configuration list for PBXProject "Photorama" */ = {
			isa = XCConfigurationList;
			buildConfigurations = (
				2C46BABA223B14A80020F706 /* Debug */,
				2C46BABB223B14A80020F706 /* Release */,
			);
			defaultConfigurationIsVisible = 0;
			defaultConfigurationName = Release;
		};
		2C46BABC223B14A80020F706 /* Build configuration list for PBXNativeTarget "Photorama" */ = {
			isa = XCConfigurationList;
			buildConfigurations = (
				2C46BABD223B14A80020F706 /* Debug */,
				2C46BABE223B14A80020F706 /* Release */,
			);
			defaultConfigurationIsVisible = 0;
			defaultConfigurationName = Release;
		};
		2C46BABF223B14A80020F706 /* Build configuration list for PBXNativeTarget "PhotoramaTests" */ = {
			isa = XCConfigurationList;
			buildConfigurations = (
				2C46BAC0223B14A80020F706 /* Debug */,
				2C46BAC1223B14A80020F706 /* Release */,
			);
			defaultConfigurationIsVisible = 0;
			defaultConfigurationName = Release;
		};
		2C46BAC2223B14A80020F706 /* Build configuration list for PBXNativeTarget "PhotoramaUITests" */ = {
			isa = XCConfigurationList;
			buildConfigurations = (
				2C46BAC3223B14A80020F706 /* Debug */,
				2C46BAC4223B14A80020F706 /* Release */,
			);
			defaultConfigurationIsVisible = 0;
			defaultConfigurationName = Release;
		};
/* End XCConfigurationList section */
	};
	rootObject = 2C46BA8C223B14A10020F706 /* Project object */;
}
